# THIS IS AN AUTOGENERATED FILE. DO NOT EDIT THIS FILE DIRECTLY.
# yarn lockfile v1


random-js@^2.1.0:
  version "2.1.0"
  resolved "https://registry.yarnpkg.com/random-js/-/random-js-2.1.0.tgz#0c03238b0a4f701f7a4c7303036ade3083d8ee14"
  integrity sha512-CRUyWmnzmZBA7RZSVGq0xMqmgCyPPxbiKNLFA5ud7KenojVX2s7Gv+V7eB52beKTPGxWRnVZ7D/tCIgYJJ8vNQ==
